// !$*UTF8*$!
{
	archiveVersion = 1;
	classes = {
	};
	objectVersion = 77;
	objects = {

/* Begin PBXBuildFile section */
		007CE2AE2EB21121003A8323 /* README.md in Resources */ = {isa = PBXBuildFile; fileRef = 007CE2AD2EB21121003A8323 /* README.md */; };
/* End PBXBuildFile section */

/* Begin PBXContainerItemProxy section */
		007CE28F2EB20ECF003A8323 /* PBXContainerItemProxy */ = {
			isa = PBXContainerItemProxy;
			containerPortal = 007CE2792EB20ECD003A8323 /* Project object */;
			proxyType = 1;
			remoteGlobalIDString = 007CE2802EB20ECD003A8323;
			remoteInfo = AppleTechnicalSupport;
		};
		007CE2992EB20ECF003A8323 /* PBXContainerItemProxy */ = {
			isa = PBXContainerItemProxy;
			containerPortal = 007CE2792EB20ECD003A8323 /* Project object */;
			proxyType = 1;
			remoteGlobalIDString = 007CE2802EB20ECD003A8323;
			remoteInfo = AppleTechnicalSupport;
		};
/* End PBXContainerItemProxy section */

/* Begin PBXFileReference section */
		007CE2812EB20ECD003A8323 /* AppleTechnicalSupport.app */ = {isa = PBXFileReference; explicitFileType = wrapper.application; includeInIndex = 0; path = AppleTechnicalSupport.app; sourceTree = BUILT_PRODUCTS_DIR; };
		007CE28E2EB20ECF003A8323 /* AppleTechnicalSupportTests.xctest */ = {isa = PBXFileReference; explicitFileType = wrapper.cfbundle; includeInIndex = 0; path = AppleTechnicalSupportTests.xctest; sourceTree = BUILT_PRODUCTS_DIR; };
		007CE2982EB20ECF003A8323 /* AppleTechnicalSupportUITests.xctest */ = {isa = PBXFileReference; explicitFileType = wrapper.cfbundle; includeInIndex = 0; path = AppleTechnicalSupportUITests.xctest; sourceTree = BUILT_PRODUCTS_DIR; };
		007CE2AD2EB21121003A8323 /* README.md */ = {isa = PBXFileReference; lastKnownFileType = net.daringfireball.markdown; path = README.md; sourceTree = "<group>"; };
/* End PBXFileReference section */

/* Begin PBXFileSystemSynchronizedRootGroup section */
		007CE2832EB20ECD003A8323 /* AppleTechnicalSupport */ = {
			isa = PBXFileSystemSynchronizedRootGroup;
			path = AppleTechnicalSupport;
			sourceTree = "<group>";
		};
		007CE2912EB20ECF003A8323 /* AppleTechnicalSupportTests */ = {
			isa = PBXFileSystemSynchronizedRootGroup;
			path = AppleTechnicalSupportTests;
			sourceTree = "<group>";
		};
		007CE29B2EB20ECF003A8323 /* AppleTechnicalSupportUITests */ = {
			isa = PBXFileSystemSynchronizedRootGroup;
			path = AppleTechnicalSupportUITests;
			sourceTree = "<group>";
		};
/* End PBXFileSystemSynchronizedRootGroup section */

/* Begin PBXFrameworksBuildPhase section */
		007CE27E2EB20ECD003A8323 /* Frameworks */ = {
			isa = PBXFrameworksBuildPhase;
			buildActionMask = 2147483647;
			files = (
			);
			runOnlyForDeploymentPostprocessing = 0;
		};
		007CE28B2EB20ECF003A8323 /* Frameworks */ = {
			isa = PBXFrameworksBuildPhase;
			buildActionMask = 2147483647;
			files = (
			);
			runOnlyForDeploymentPostprocessing = 0;
		};
		007CE2952EB20ECF003A8323 /* Frameworks */ = {
			isa = PBXFrameworksBuildPhase;
			buildActionMask = 2147483647;
			files = (
			);
			runOnlyForDeploymentPostprocessing = 0;
		};
/* End PBXFrameworksBuildPhase section */

/* Begin PBXGroup section */
		007CE2782EB20ECD003A8323 = {
			isa = PBXGroup;
			children = (
				007CE2AD2EB21121003A8323 /* README.md */,
				007CE2832EB20ECD003A8323 /* AppleTechnicalSupport */,
				007CE2912EB20ECF003A8323 /* AppleTechnicalSupportTests */,
				007CE29B2EB20ECF003A8323 /* AppleTechnicalSupportUITests */,
				007CE2822EB20ECD003A8323 /* Products */,
			);
			sourceTree = "<group>";
		};
		007CE2822EB20ECD003A8323 /* Products */ = {
			isa = PBXGroup;
			children = (
				007CE2812EB20ECD003A8323 /* AppleTechnicalSupport.app */,
				007CE28E2EB20ECF003A8323 /* AppleTechnicalSupportTests.xctest */,
				007CE2982EB20ECF003A8323 /* AppleTechnicalSupportUITests.xctest */,
			);
			name = Products;
			sourceTree = "<group>";
		};
/* End PBXGroup section */

/* Begin PBXNativeTarget section */
		007CE2802EB20ECD003A8323 /* AppleTechnicalSupport */ = {
			isa = PBXNativeTarget;
			buildConfigurationList = 007CE2A22EB20ECF003A8323 /* Build configuration list for PBXNativeTarget "AppleTechnicalSupport" */;
			buildPhases = (
				007CE27D2EB20ECD003A8323 /* Sources */,
				007CE27E2EB20ECD003A8323 /* Frameworks */,
				007CE27F2EB20ECD003A8323 /* Resources */,
			);
			buildRules = (
			);
			dependencies = (
			);
			fileSystemSynchronizedGroups = (
				007CE2832EB20ECD003A8323 /* AppleTechnicalSupport */,
			);
			name = AppleTechnicalSupport;
			packageProductDependencies = (
			);
			productName = AppleTechnicalSupport;
			productReference = 007CE2812EB20ECD003A8323 /* AppleTechnicalSupport.app */;
			productType = "com.apple.product-type.application";
		};
		007CE28D2EB20ECF003A8323 /* AppleTechnicalSupportTests */ = {
			isa = PBXNativeTarget;
			buildConfigurationList = 007CE2A52EB20ECF003A8323 /* Build configuration list for PBXNativeTarget "AppleTechnicalSupportTests" */;
			buildPhases = (
				007CE28A2EB20ECF003A8323 /* Sources */,
				007CE28B2EB20ECF003A8323 /* Frameworks */,
				007CE28C2EB20ECF003A8323 /* Resources */,
			);
			buildRules = (
			);
			dependencies = (
				007CE2902EB20ECF003A8323 /* PBXTargetDependency */,
			);
			fileSystemSynchronizedGroups = (
				007CE2912EB20ECF003A8323 /* AppleTechnicalSupportTests */,
			);
			name = AppleTechnicalSupportTests;
			packageProductDependencies = (
			);
			productName = AppleTechnicalSupportTests;
			productReference = 007CE28E2EB20ECF003A8323 /* AppleTechnicalSupportTests.xctest */;
			productType = "com.apple.product-type.bundle.unit-test";
		};
		007CE2972EB20ECF003A8323 /* AppleTechnicalSupportUITests */ = {
			isa = PBXNativeTarget;
			buildConfigurationList = 007CE2A82EB20ECF003A8323 /* Build configuration list for PBXNativeTarget "AppleTechnicalSupportUITests" */;
			buildPhases = (
				007CE2942EB20ECF003A8323 /* Sources */,
				007CE2952EB20ECF003A8323 /* Frameworks */,
				007CE2962EB20ECF003A8323 /* Resources */,
			);
			buildRules = (
			);
			dependencies = (
				007CE29A2EB20ECF003A8323 /* PBXTargetDependency */,
			);
			fileSystemSynchronizedGroups = (
				007CE29B2EB20ECF003A8323 /* AppleTechnicalSupportUITests */,
			);
			name = AppleTechnicalSupportUITests;
			packageProductDependencies = (
			);
			productName = AppleTechnicalSupportUITests;
			productReference = 007CE2982EB20ECF003A8323 /* AppleTechnicalSupportUITests.xctest */;
			productType = "com.apple.product-type.bundle.ui-testing";
		};
/* End PBXNativeTarget section */

/* Begin PBXProject section */
		007CE2792EB20ECD003A8323 /* Project object */ = {
			isa = PBXProject;
			attributes = {
				BuildIndependentTargetsInParallel = 1;
				LastSwiftUpdateCheck = 2600;
				LastUpgradeCheck = 2600;
				TargetAttributes = {
					007CE2802EB20ECD003A8323 = {
						CreatedOnToolsVersion = 26.0.1;
					};
					007CE28D2EB20ECF003A8323 = {
						CreatedOnToolsVersion = 26.0.1;
						TestTargetID = 007CE2802EB20ECD003A8323;
					};
					007CE2972EB20ECF003A8323 = {
						CreatedOnToolsVersion = 26.0.1;
						TestTargetID = 007CE2802EB20ECD003A8323;
					};
				};
			};
			buildConfigurationList = 007CE27C2EB20ECD003A8323 /* Build configuration list for PBXProject "AppleTechnicalSupport" */;
			developmentRegion = en;
			hasScannedForEncodings = 0;
			knownRegions = (
				en,
				Base,
			);
			mainGroup = 007CE2782EB20ECD003A8323;
			minimizedProjectReferenceProxies = 1;
			preferredProjectObjectVersion = 77;
			productRefGroup = 007CE2822EB20ECD003A8323 /* Products */;
			projectDirPath = "";
			projectRoot = "";
			targets = (
				007CE2802EB20ECD003A8323 /* AppleTechnicalSupport */,
				007CE28D2EB20ECF003A8323 /* AppleTechnicalSupportTests */,
				007CE2972EB20ECF003A8323 /* AppleTechnicalSupportUITests */,
			);
		};
/* End PBXProject section */

/* Begin PBXResourcesBuildPhase section */
		007CE27F2EB20ECD003A8323 /* Resources */ = {
			isa = PBXResourcesBuildPhase;
			buildActionMask = 2147483647;
			files = (
				007CE2AE2EB21121003A8323 /* README.md in Resources */,
			);
			runOnlyForDeploymentPostprocessing = 0;
		};
		007CE28C2EB20ECF003A8323 /* Resources */ = {
			isa = PBXResourcesBuildPhase;
			buildActionMask = 2147483647;
			files = (
			);
			runOnlyForDeploymentPostprocessing = 0;
		};
		007CE2962EB20ECF003A8323 /* Resources */ = {
			isa = PBXResourcesBuildPhase;
			buildActionMask = 2147483647;
			files = (
			);
			runOnlyForDeploymentPostprocessing = 0;
		};
/* End PBXResourcesBuildPhase section */

/* Begin PBXSourcesBuildPhase section */
		007CE27D2EB20ECD003A8323 /* Sources */ = {
			isa = PBXSourcesBuildPhase;
			buildActionMask = 2147483647;
			files = (
			);
			runOnlyForDeploymentPostprocessing = 0;
		};
		007CE28A2EB20ECF003A8323 /* Sources */ = {
			isa = PBXSourcesBuildPhase;
			buildActionMask = 2147483647;
			files = (
			);
			runOnlyForDeploymentPostprocessing = 0;
		};
		007CE2942EB20ECF003A8323 /* Sources */ = {
			isa = PBXSourcesBuildPhase;
			buildActionMask = 2147483647;
			files = (
			);
			runOnlyForDeploymentPostprocessing = 0;
		};
/* End PBXSourcesBuildPhase section */

/* Begin PBXTargetDependency section */
		007CE2902EB20ECF003A8323 /* PBXTargetDependency */ = {
			isa = PBXTargetDependency;
			target = 007CE2802EB20ECD003A8323 /* AppleTechnicalSupport */;
			targetProxy = 007CE28F2EB20ECF003A8323 /* PBXContainerItemProxy */;
		};
		007CE29A2EB20ECF003A8323 /* PBXTargetDependency */ = {
			isa = PBXTargetDependency;
			target = 007CE2802EB20ECD003A8323 /* AppleTechnicalSupport */;
			targetProxy = 007CE2992EB20ECF003A8323 /* PBXContainerItemProxy */;
		};
/* End PBXTargetDependency section */

/* Begin XCBuildConfiguration section */
		007CE2A02EB20ECF003A8323 /* Debug */ = {
			isa = XCBuildConfiguration;
			buildSettings = {
				ALWAYS_SEARCH_USER_PATHS = NO;
				ASSETCATALOG_COMPILER_GENERATE_SWIFT_ASSET_SYMBOL_EXTENSIONS = YES;
				CLANG_ANALYZER_NONNULL = YES;
				CLANG_ANALYZER_NUMBER_OBJECT_CONVERSION = YES_AGGRESSIVE;
				CLANG_CXX_LANGUAGE_STANDARD = "gnu++20";
				CLANG_ENABLE_MODULES = YES;
				CLANG_ENABLE_OBJC_ARC = YES;
				CLANG_ENABLE_OBJC_WEAK = YES;
				CLANG_WARN_BLOCK_CAPTURE_AUTORELEASING = YES;
				CLANG_WARN_BOOL_CONVERSION = YES;
				CLANG_WARN_COMMA = YES;
				CLANG_WARN_CONSTANT_CONVERSION = YES;
				CLANG_WARN_DEPRECATED_OBJC_IMPLEMENTATIONS = YES;
				CLANG_WARN_DIRECT_OBJC_ISA_USAGE = YES_ERROR;
				CLANG_WARN_DOCUMENTATION_COMMENTS = YES;
				CLANG_WARN_EMPTY_BODY = YES;
				CLANG_WARN_ENUM_CONVERSION = YES;
				CLANG_WARN_INFINITE_RECURSION = YES;
				CLANG_WARN_INT_CONVERSION = YES;
				CLANG_WARN_NON_LITERAL_NULL_CONVERSION = YES;
				CLANG_WARN_OBJC_IMPLICIT_RETAIN_SELF = YES;
				CLANG_WARN_OBJC_LITERAL_CONVERSION = YES;
				CLANG_WARN_OBJC_ROOT_CLASS = YES_ERROR;
				CLANG_WARN_QUOTED_INCLUDE_IN_FRAMEWORK_HEADER = YES;
				CLANG_WARN_RANGE_LOOP_ANALYSIS = YES;
				CLANG_WARN_STRICT_PROTOTYPES = YES;
				CLANG_WARN_SUSPICIOUS_MOVE = YES;
				CLANG_WARN_UNGUARDED_AVAILABILITY = YES_AGGRESSIVE;
				CLANG_WARN_UNREACHABLE_CODE = YES;
				CLANG_WARN__DUPLICATE_METHOD_MATCH = YES;
				COPY_PHASE_STRIP = NO;
				DEBUG_INFORMATION_FORMAT = dwarf;
				ENABLE_STRICT_OBJC_MSGSEND = YES;
				ENABLE_TESTABILITY = YES;
				ENABLE_USER_SCRIPT_SANDBOXING = YES;
				GCC_C_LANGUAGE_STANDARD = gnu17;
				GCC_DYNAMIC_NO_PIC = NO;
				GCC_NO_COMMON_BLOCKS = YES;
				GCC_OPTIMIZATION_LEVEL = 0;
				GCC_PREPROCESSOR_DEFINITIONS = (
					"DEBUG=1",
					"$(inherited)",
				);
				GCC_WARN_64_TO_32_BIT_CONVERSION = YES;
				GCC_WARN_ABOUT_RETURN_TYPE = YES_ERROR;
				GCC_WARN_UNDECLARED_SELECTOR = YES;
				GCC_WARN_UNINITIALIZED_AUTOS = YES_AGGRESSIVE;
				GCC_WARN_UNUSED_FUNCTION = YES;
				GCC_WARN_UNUSED_VARIABLE = YES;
				IPHONEOS_DEPLOYMENT_TARGET = 26.0;
				LOCALIZATION_PREFERS_STRING_CATALOGS = YES;
				MTL_ENABLE_DEBUG_INFO = INCLUDE_SOURCE;
				MTL_FAST_MATH = YES;
				ONLY_ACTIVE_ARCH = YES;
				SDKROOT = iphoneos;
				SWIFT_ACTIVE_COMPILATION_CONDITIONS = "DEBUG $(inherited)";
				SWIFT_EMIT_LOC_STRINGS = YES;
				SWIFT_OPTIMIZATION_LEVEL = "-Onone";
			};
			name = Debug;
		};
		007CE2A12EB20ECF003A8323 /* Release */ = {
			isa = XCBuildConfiguration;
			buildSettings = {
				ALWAYS_SEARCH_USER_PATHS = NO;
				ASSETCATALOG_COMPILER_GENERATE_SWIFT_ASSET_SYMBOL_EXTENSIONS = YES;
				CLANG_ANALYZER_NONNULL = YES;
				CLANG_ANALYZER_NUMBER_OBJECT_CONVERSION = YES_AGGRESSIVE;
				CLANG_CXX_LANGUAGE_STANDARD = "gnu++20";
				CLANG_ENABLE_MODULES = YES;
				CLANG_ENABLE_OBJC_ARC = YES;
				CLANG_ENABLE_OBJC_WEAK = YES;
				CLANG_WARN_BLOCK_CAPTURE_AUTORELEASING = YES;
				CLANG_WARN_BOOL_CONVERSION = YES;
				CLANG_WARN_COMMA = YES;
				CLANG_WARN_CONSTANT_CONVERSION = YES;
				CLANG_WARN_DEPRECATED_OBJC_IMPLEMENTATIONS = YES;
				CLANG_WARN_DIRECT_OBJC_ISA_USAGE = YES_ERROR;
				CLANG_WARN_DOCUMENTATION_COMMENTS = YES;
				CLANG_WARN_EMPTY_BODY = YES;
				CLANG_WARN_ENUM_CONVERSION = YES;
				CLANG_WARN_INFINITE_RECURSION = YES;
				CLANG_WARN_INT_CONVERSION = YES;
				CLANG_WARN_NON_LITERAL_NULL_CONVERSION = YES;
				CLANG_WARN_OBJC_IMPLICIT_RETAIN_SELF = YES;
				CLANG_WARN_OBJC_LITERAL_CONVERSION = YES;
				CLANG_WARN_OBJC_ROOT_CLASS = YES_ERROR;
				CLANG_WARN_QUOTED_INCLUDE_IN_FRAMEWORK_HEADER = YES;
				CLANG_WARN_RANGE_LOOP_ANALYSIS = YES;
				CLANG_WARN_STRICT_PROTOTYPES = YES;
				CLANG_WARN_SUSPICIOUS_MOVE = YES;
				CLANG_WARN_UNGUARDED_AVAILABILITY = YES_AGGRESSIVE;
				CLANG_WARN_UNREACHABLE_CODE = YES;
				CLANG_WARN__DUPLICATE_METHOD_MATCH = YES;
				COPY_PHASE_STRIP = NO;
				DEBUG_INFORMATION_FORMAT = "dwarf-with-dsym";
				ENABLE_NS_ASSERTIONS = NO;
				ENABLE_STRICT_OBJC_MSGSEND = YES;
				ENABLE_USER_SCRIPT_SANDBOXING = YES;
				GCC_C_LANGUAGE_STANDARD = gnu17;
				GCC_NO_COMMON_BLOCKS = YES;
				GCC_WARN_64_TO_32_BIT_CONVERSION = YES;
				GCC_WARN_ABOUT_RETURN_TYPE = YES_ERROR;
				GCC_WARN_UNDECLARED_SELECTOR = YES;
				GCC_WARN_UNINITIALIZED_AUTOS = YES_AGGRESSIVE;
				GCC_WARN_UNUSED_FUNCTION = YES;
				GCC_WARN_UNUSED_VARIABLE = YES;
				IPHONEOS_DEPLOYMENT_TARGET = 26.0;
				LOCALIZATION_PREFERS_STRING_CATALOGS = YES;
				MTL_ENABLE_DEBUG_INFO = NO;
				MTL_FAST_MATH = YES;
				SDKROOT = iphoneos;
				SWIFT_COMPILATION_MODE = wholemodule;
				SWIFT_EMIT_LOC_STRINGS = YES;
				VALIDATE_PRODUCT = YES;
			};
			name = Release;
		};
		007CE2A32EB20ECF003A8323 /* Debug */ = {
			isa = XCBuildConfiguration;
			buildSettings = {
				ASSETCATALOG_COMPILER_APPICON_NAME = AppIcon;
				ASSETCATALOG_COMPILER_GLOBAL_ACCENT_COLOR_NAME = AccentColor;
				CODE_SIGN_STYLE = Automatic;
				CURRENT_PROJECT_VERSION = 1;
				DEVELOPMENT_TEAM = 96ZNLX6YSN;
				ENABLE_PREVIEWS = YES;
				GENERATE_INFOPLIST_FILE = YES;
				INFOPLIST_KEY_UIApplicationSceneManifest_Generation = YES;
				INFOPLIST_KEY_UIApplicationSupportsIndirectInputEvents = YES;
				INFOPLIST_KEY_UILaunchScreen_Generation = YES;
				INFOPLIST_KEY_UISupportedInterfaceOrientations_iPad = "UIInterfaceOrientationPortrait UIInterfaceOrientationPortraitUpsideDown UIInterfaceOrientationLandscapeLeft UIInterfaceOrientationLandscapeRight";
				INFOPLIST_KEY_UISupportedInterfaceOrientations_iPhone = "UIInterfaceOrientationPortrait UIInterfaceOrientationLandscapeLeft UIInterfaceOrientationLandscapeRight";
				LD_RUNPATH_SEARCH_PATHS = (
					"$(inherited)",
					"@executable_path/Frameworks",
				);
				MARKETING_VERSION = 1.0;
				PRODUCT_BUNDLE_IDENTIFIER = Korea.LeeGeonWoo.AppleTechnicalSupport;
				PRODUCT_NAME = "$(TARGET_NAME)";
				STRING_CATALOG_GENERATE_SYMBOLS = YES;
				SWIFT_APPROACHABLE_CONCURRENCY = YES;
				SWIFT_DEFAULT_ACTOR_ISOLATION = MainActor;
				SWIFT_EMIT_LOC_STRINGS = YES;
				SWIFT_UPCOMING_FEATURE_MEMBER_IMPORT_VISIBILITY = YES;
				SWIFT_VERSION = 6.0;
				TARGETED_DEVICE_FAMILY = "1,2";
			};
			name = Debug;
		};
		007CE2A42EB20ECF003A8323 /* Release */ = {
			isa = XCBuildConfiguration;
			buildSettings = {
				ASSETCATALOG_COMPILER_APPICON_NAME = AppIcon;
				ASSETCATALOG_COMPILER_GLOBAL_ACCENT_COLOR_NAME = AccentColor;
				CODE_SIGN_STYLE = Automatic;
				CURRENT_PROJECT_VERSION = 1;
				DEVELOPMENT_TEAM = 96ZNLX6YSN;
				ENABLE_PREVIEWS = YES;
				GENERATE_INFOPLIST_FILE = YES;
				INFOPLIST_KEY_UIApplicationSceneManifest_Generation = YES;
				INFOPLIST_KEY_UIApplicationSupportsIndirectInputEvents = YES;
				INFOPLIST_KEY_UILaunchScreen_Generation = YES;
				INFOPLIST_KEY_UISupportedInterfaceOrientations_iPad = "UIInterfaceOrientationPortrait UIInterfaceOrientationPortraitUpsideDown UIInterfaceOrientationLandscapeLeft UIInterfaceOrientationLandscapeRight";
				INFOPLIST_KEY_UISupportedInterfaceOrientations_iPhone = "UIInterfaceOrientationPortrait UIInterfaceOrientationLandscapeLeft UIInterfaceOrientationLandscapeRight";
				LD_RUNPATH_SEARCH_PATHS = (
					"$(inherited)",
					"@executable_path/Frameworks",
				);
				MARKETING_VERSION = 1.0;
				PRODUCT_BUNDLE_IDENTIFIER = Korea.LeeGeonWoo.AppleTechnicalSupport;
				PRODUCT_NAME = "$(TARGET_NAME)";
				STRING_CATALOG_GENERATE_SYMBOLS = YES;
				SWIFT_APPROACHABLE_CONCURRENCY = YES;
				SWIFT_DEFAULT_ACTOR_ISOLATION = MainActor;
				SWIFT_EMIT_LOC_STRINGS = YES;
				SWIFT_UPCOMING_FEATURE_MEMBER_IMPORT_VISIBILITY = YES;
				SWIFT_VERSION = 6.0;
				TARGETED_DEVICE_FAMILY = "1,2";
			};
			name = Release;
		};
		007CE2A62EB20ECF003A8323 /* Debug */ = {
			isa = XCBuildConfiguration;
			buildSettings = {
				BUNDLE_LOADER = "$(TEST_HOST)";
				CODE_SIGN_STYLE = Automatic;
				CURRENT_PROJECT_VERSION = 1;
				GENERATE_INFOPLIST_FILE = YES;
				IPHONEOS_DEPLOYMENT_TARGET = 26.0;
				MARKETING_VERSION = 1.0;
				PRODUCT_BUNDLE_IDENTIFIER = Korea.LeeGeonWoo.AppleTechnicalSupportTests;
				PRODUCT_NAME = "$(TARGET_NAME)";
				STRING_CATALOG_GENERATE_SYMBOLS = NO;
				SWIFT_APPROACHABLE_CONCURRENCY = YES;
				SWIFT_EMIT_LOC_STRINGS = NO;
				SWIFT_UPCOMING_FEATURE_MEMBER_IMPORT_VISIBILITY = YES;
				SWIFT_VERSION = 5.0;
				TARGETED_DEVICE_FAMILY = "1,2";
				TEST_HOST = "$(BUILT_PRODUCTS_DIR)/AppleTechnicalSupport.app/$(BUNDLE_EXECUTABLE_FOLDER_PATH)/AppleTechnicalSupport";
			};
			name = Debug;
		};
		007CE2A72EB20ECF003A8323 /* Release */ = {
			isa = XCBuildConfiguration;
			buildSettings = {
				BUNDLE_LOADER = "$(TEST_HOST)";
				CODE_SIGN_STYLE = Automatic;
				CURRENT_PROJECT_VERSION = 1;
				GENERATE_INFOPLIST_FILE = YES;
				IPHONEOS_DEPLOYMENT_TARGET = 26.0;
				MARKETING_VERSION = 1.0;
				PRODUCT_BUNDLE_IDENTIFIER = Korea.LeeGeonWoo.AppleTechnicalSupportTests;
				PRODUCT_NAME = "$(TARGET_NAME)";
				STRING_CATALOG_GENERATE_SYMBOLS = NO;
				SWIFT_APPROACHABLE_CONCURRENCY = YES;
				SWIFT_EMIT_LOC_STRINGS = NO;
				SWIFT_UPCOMING_FEATURE_MEMBER_IMPORT_VISIBILITY = YES;
				SWIFT_VERSION = 5.0;
				TARGETED_DEVICE_FAMILY = "1,2";
				TEST_HOST = "$(BUILT_PRODUCTS_DIR)/AppleTechnicalSupport.app/$(BUNDLE_EXECUTABLE_FOLDER_PATH)/AppleTechnicalSupport";
			};
			name = Release;
		};
		007CE2A92EB20ECF003A8323 /* Debug */ = {
			isa = XCBuildConfiguration;
			buildSettings = {
				CODE_SIGN_STYLE = Automatic;
				CURRENT_PROJECT_VERSION = 1;
				GENERATE_INFOPLIST_FILE = YES;
				MARKETING_VERSION = 1.0;
				PRODUCT_BUNDLE_IDENTIFIER = Korea.LeeGeonWoo.AppleTechnicalSupportUITests;
				PRODUCT_NAME = "$(TARGET_NAME)";
				STRING_CATALOG_GENERATE_SYMBOLS = NO;
				SWIFT_APPROACHABLE_CONCURRENCY = YES;
				SWIFT_EMIT_LOC_STRINGS = NO;
				SWIFT_UPCOMING_FEATURE_MEMBER_IMPORT_VISIBILITY = YES;
				SWIFT_VERSION = 5.0;
				TARGETED_DEVICE_FAMILY = "1,2";
				TEST_TARGET_NAME = AppleTechnicalSupport;
			};
			name = Debug;
		};
		007CE2AA2EB20ECF003A8323 /* Release */ = {
			isa = XCBuildConfiguration;
			buildSettings = {
				CODE_SIGN_STYLE = Automatic;
				CURRENT_PROJECT_VERSION = 1;
				GENERATE_INFOPLIST_FILE = YES;
				MARKETING_VERSION = 1.0;
				PRODUCT_BUNDLE_IDENTIFIER = Korea.LeeGeonWoo.AppleTechnicalSupportUITests;
				PRODUCT_NAME = "$(TARGET_NAME)";
				STRING_CATALOG_GENERATE_SYMBOLS = NO;
				SWIFT_APPROACHABLE_CONCURRENCY = YES;
				SWIFT_EMIT_LOC_STRINGS = NO;
				SWIFT_UPCOMING_FEATURE_MEMBER_IMPORT_VISIBILITY = YES;
				SWIFT_VERSION = 5.0;
				TARGETED_DEVICE_FAMILY = "1,2";
				TEST_TARGET_NAME = AppleTechnicalSupport;
			};
			name = Release;
		};
/* End XCBuildConfiguration section */

/* Begin XCConfigurationList section */
		007CE27C2EB20ECD003A8323 /* Build configuration list for PBXProject "AppleTechnicalSupport" */ = {
			isa = XCConfigurationList;
			buildConfigurations = (
				007CE2A02EB20ECF003A8323 /* Debug */,
				007CE2A12EB20ECF003A8323 /* Release */,
			);
			defaultConfigurationIsVisible = 0;
			defaultConfigurationName = Release;
		};
		007CE2A22EB20ECF003A8323 /* Build configuration list for PBXNativeTarget "AppleTechnicalSupport" */ = {
			isa = XCConfigurationList;
			buildConfigurations = (
				007CE2A32EB20ECF003A8323 /* Debug */,
				007CE2A42EB20ECF003A8323 /* Release */,
			);
			defaultConfigurationIsVisible = 0;
			defaultConfigurationName = Release;
		};
		007CE2A52EB20ECF003A8323 /* Build configuration list for PBXNativeTarget "AppleTechnicalSupportTests" */ = {
			isa = XCConfigurationList;
			buildConfigurations = (
				007CE2A62EB20ECF003A8323 /* Debug */,
				007CE2A72EB20ECF003A8323 /* Release */,
			);
			defaultConfigurationIsVisible = 0;
			defaultConfigurationName = Release;
		};
		007CE2A82EB20ECF003A8323 /* Build configuration list for PBXNativeTarget "AppleTechnicalSupportUITests" */ = {
			isa = XCConfigurationList;
			buildConfigurations = (
				007CE2A92EB20ECF003A8323 /* Debug */,
				007CE2AA2EB20ECF003A8323 /* Release */,
			);
			defaultConfigurationIsVisible = 0;
			defaultConfigurationName = Release;
		};
/* End XCConfigurationList section */
	};
	rootObject = 007CE2792EB20ECD003A8323 /* Project object */;
}
